
Microsoft Visual Studio Solution File, Format Version 12.00
# Visual Studio Version 17
VisualStudioVersion = 17.7.34003.232
MinimumVisualStudioVersion = 10.0.40219.1
Project("{6EC3EE1D-3C4E-46DD-8F32-0CC8E7565705}") = "MinGptSharp", "MinGptSharp\MinGptSharp.fsproj", "{A9734CA0-D86A-455F-A761-CC49F0126558}"
EndProject
Project("{6EC3EE1D-3C4E-46DD-8F32-0CC8E7565705}") = "MinGptSharp.Test", "MinGptSharp.Test\MinGptSharp.Test.fsproj", "{B70CC6BC-6082-4ED9-A122-46FC994439DC}"
EndProject
Project("{2150E333-8FDC-42A3-9474-1A3956D46DE8}") = "Solution Items", "Solution Items", "{C5E519B6-DD78-40B3-BB6A-47C47125F362}"
	ProjectSection(SolutionItems) = preProject
		Readme.md = Readme.md
	EndProjectSection
EndProject
Project("{6EC3EE1D-3C4E-46DD-8F32-0CC8E7565705}") = "Demo", "Demo\Demo.fsproj", "{C3E27413-CA7D-4B77-B51A-761C4FE8A3C5}"
EndProject
Project("{6EC3EE1D-3C4E-46DD-8F32-0CC8E7565705}") = "Adder", "Adder\Adder.fsproj", "{7527C7C4-A302-4F8B-B1E4-57BF796188FF}"
EndProject
Project("{6EC3EE1D-3C4E-46DD-8F32-0CC8E7565705}") = "CharGpt", "CharGpt\CharGpt.fsproj", "{2D2D3B51-A45F-4B9A-AD85-1BAF39F47774}"
EndProject
Global
	GlobalSection(SolutionConfigurationPlatforms) = preSolution
		Debug|x64 = Debug|x64
		Release|x64 = Release|x64
	EndGlobalSection
	GlobalSection(ProjectConfigurationPlatforms) = postSolution
		{A9734CA0-D86A-455F-A761-CC49F0126558}.Debug|x64.ActiveCfg = Debug|x64
		{A9734CA0-D86A-455F-A761-CC49F0126558}.Debug|x64.Build.0 = Debug|x64
		{A9734CA0-D86A-455F-A761-CC49F0126558}.Release|x64.ActiveCfg = Release|x64
		{A9734CA0-D86A-455F-A761-CC49F0126558}.Release|x64.Build.0 = Release|x64
		{B70CC6BC-6082-4ED9-A122-46FC994439DC}.Debug|x64.ActiveCfg = Debug|x64
		{B70CC6BC-6082-4ED9-A122-46FC994439DC}.Debug|x64.Build.0 = Debug|x64
		{B70CC6BC-6082-4ED9-A122-46FC994439DC}.Release|x64.ActiveCfg = Release|x64
		{B70CC6BC-6082-4ED9-A122-46FC994439DC}.Release|x64.Build.0 = Release|x64
		{C3E27413-CA7D-4B77-B51A-761C4FE8A3C5}.Debug|x64.ActiveCfg = Debug|x64
		{C3E27413-CA7D-4B77-B51A-761C4FE8A3C5}.Debug|x64.Build.0 = Debug|x64
		{C3E27413-CA7D-4B77-B51A-761C4FE8A3C5}.Release|x64.ActiveCfg = Release|x64
		{C3E27413-CA7D-4B77-B51A-761C4FE8A3C5}.Release|x64.Build.0 = Release|x64
		{7527C7C4-A302-4F8B-B1E4-57BF796188FF}.Debug|x64.ActiveCfg = Debug|x64
		{7527C7C4-A302-4F8B-B1E4-57BF796188FF}.Debug|x64.Build.0 = Debug|x64
		{7527C7C4-A302-4F8B-B1E4-57BF796188FF}.Release|x64.ActiveCfg = Release|x64
		{7527C7C4-A302-4F8B-B1E4-57BF796188FF}.Release|x64.Build.0 = Release|x64
		{2D2D3B51-A45F-4B9A-AD85-1BAF39F47774}.Debug|x64.ActiveCfg = Debug|x64
		{2D2D3B51-A45F-4B9A-AD85-1BAF39F47774}.Debug|x64.Build.0 = Debug|x64
		{2D2D3B51-A45F-4B9A-AD85-1BAF39F47774}.Release|x64.ActiveCfg = Release|x64
		{2D2D3B51-A45F-4B9A-AD85-1BAF39F47774}.Release|x64.Build.0 = Release|x64
	EndGlobalSection
	GlobalSection(SolutionProperties) = preSolution
		HideSolutionNode = FALSE
	EndGlobalSection
	GlobalSection(ExtensibilityGlobals) = postSolution
		SolutionGuid = {DA361CB1-AEA7-47F4-B74C-747BCE44A974}
	EndGlobalSection
EndGlobal
